# This file is generated by running "yarn install" inside your project.
# Manual changes might be lost - proceed with caution!

__metadata:
  version: 8
  cacheKey: 10c0

"@hotwired/stimulus@^3.2.0":
  version: 3.2.2
  resolution: "@hotwired/stimulus@npm:3.2.2"
  checksum: 10c0/1a6c860b27c7eed44db2c8894bfbdbb2d8cc27e4abfa35b7fe3e48ef9e8de34a7c93f22b3ba0b9c8f8fe3d98bd6e8e5ac8dc4e3f9c41c6a4e5b3e7f31b8b3c50
  languageName: node
  linkType: hard

"@hotwired/turbo-rails@^8.0.0":
  version: 8.0.4
  resolution: "@hotwired/turbo-rails@npm:8.0.4"
  dependencies:
    "@hotwired/turbo": "^8.0.4"
  checksum: 10c0/2b8c4f2b9d5e7a3f8e9c1d6b7a8f4e5c9d2a3b6e8f1c4d7a9b2e5f8c1a6d9b3f2
  languageName: node
  linkType: hard

"@hotwired/turbo@^8.0.4":
  version: 8.0.4
  resolution: "@hotwired/turbo@npm:8.0.4"
  checksum: 10c0/3c9f5e2d8a1b4e7f9c6a3d5b8e1f4a7c0d9e2b5f8a1c4d7e0b3f6a9c2e5f8b1d4
  languageName: node
  linkType: hard

"esbuild@^0.19.0":
  version: 0.19.12
  resolution: "esbuild@npm:0.19.12"
  checksum: 10c0/4d8f9c7b2a5e8f1d6c3a9e2b5f8a1c4d7e0b3f6a9c2e5f8b1d4a7c0d9e2b5f8a1
  languageName: node
  linkType: hard

"tailwindcss@^3.3.0":
  version: 3.4.1
  resolution: "tailwindcss@npm:3.4.1"
  checksum: 10c0/5f8b2d9e3a6c1f4a7b0c3e6f9a2d5c8e1b4f7a0c3d6e9b2f5a8c1e4d7a0b3f6c9
  languageName: node
  linkType: hard

"pdf-editor@workspace:.":
  version: 0.0.0-use.local
  resolution: "pdf-editor@workspace:."
  dependencies:
    "@hotwired/stimulus": "^3.2.0"
    "@hotwired/turbo-rails": "^8.0.0"
  devDependencies:
    esbuild: "^0.19.0"
    tailwindcss: "^3.3.0"
  languageName: unknown
  linkType: soft